
Microsoft Visual Studio Solution File, Format Version 12.00
# Visual Studio Version 16
VisualStudioVersion = 16.0.30114.105
MinimumVisualStudioVersion = 10.0.40219.1
Project("{FAE04EC0-301F-11D3-BF4B-00C04F79EFBC}") = "UI", "UI\UI.csproj", "{35E2DA17-0696-4EF7-B999-989A0AF09202}"
EndProject
Project("{FAE04EC0-301F-11D3-BF4B-00C04F79EFBC}") = "Models", "Models\Models.csproj", "{30045F71-6F1B-4E33-975D-0F0AD2E4C5B8}"
EndProject
Global
	GlobalSection(SolutionConfigurationPlatforms) = preSolution
		Debug|Any CPU = Debug|Any CPU
		Release|Any CPU = Release|Any CPU
	EndGlobalSection
	GlobalSection(SolutionProperties) = preSolution
		HideSolutionNode = FALSE
	EndGlobalSection
	GlobalSection(ProjectConfigurationPlatforms) = postSolution
		{35E2DA17-0696-4EF7-B999-989A0AF09202}.Debug|Any CPU.ActiveCfg = Debug|Any CPU
		{35E2DA17-0696-4EF7-B999-989A0AF09202}.Debug|Any CPU.Build.0 = Debug|Any CPU
		{35E2DA17-0696-4EF7-B999-989A0AF09202}.Release|Any CPU.ActiveCfg = Release|Any CPU
		{35E2DA17-0696-4EF7-B999-989A0AF09202}.Release|Any CPU.Build.0 = Release|Any CPU
		{30045F71-6F1B-4E33-975D-0F0AD2E4C5B8}.Debug|Any CPU.ActiveCfg = Debug|Any CPU
		{30045F71-6F1B-4E33-975D-0F0AD2E4C5B8}.Debug|Any CPU.Build.0 = Debug|Any CPU
		{30045F71-6F1B-4E33-975D-0F0AD2E4C5B8}.Release|Any CPU.ActiveCfg = Release|Any CPU
		{30045F71-6F1B-4E33-975D-0F0AD2E4C5B8}.Release|Any CPU.Build.0 = Release|Any CPU
	EndGlobalSection
EndGlobal
